// !$*UTF8*$!
{
	archiveVersion = 1;
	classes = {
	};
	objectVersion = 48;
	objects = {

/* Begin PBXBuildFile section */
		13C69F1F1F9961AE00991A03 /* AppDelegate.swift in Sources */ = {isa = PBXBuildFile; fileRef = 13C69F1E1F9961AE00991A03 /* AppDelegate.swift */; };
		13C69F241F9961AE00991A03 /* Main.storyboard in Resources */ = {isa = PBXBuildFile; fileRef = 13C69F221F9961AE00991A03 /* Main.storyboard */; };
		13C69F261F9961AE00991A03 /* Assets.xcassets in Resources */ = {isa = PBXBuildFile; fileRef = 13C69F251F9961AE00991A03 /* Assets.xcassets */; };
		13C69F291F9961AE00991A03 /* LaunchScreen.storyboard in Resources */ = {isa = PBXBuildFile; fileRef = 13C69F271F9961AE00991A03 /* LaunchScreen.storyboard */; };
		13C69F381F9AA5EA00991A03 /* ChatVC.swift in Sources */ = {isa = PBXBuildFile; fileRef = 13C69F371F9AA5EA00991A03 /* ChatVC.swift */; };
		13C69F3A1F9AA5FD00991A03 /* ChannelVC.swift in Sources */ = {isa = PBXBuildFile; fileRef = 13C69F391F9AA5FD00991A03 /* ChannelVC.swift */; };
		13C69F3B1F9AA9BD00991A03 /* SWRevealViewController.m in Sources */ = {isa = PBXBuildFile; fileRef = 13C69F331F9AA27F00991A03 /* SWRevealViewController.m */; };
		13C69F3D1F9AAC5B00991A03 /* GradientView.swift in Sources */ = {isa = PBXBuildFile; fileRef = 13C69F3C1F9AAC5B00991A03 /* GradientView.swift */; };
		828A43681E47EFD577BC2317 /* Pods_Smack.framework in Frameworks */ = {isa = PBXBuildFile; fileRef = F8569FA2C16D58A0EAAE925C /* Pods_Smack.framework */; };
/* End PBXBuildFile section */

/* Begin PBXFileReference section */
		13C69F1B1F9961AE00991A03 /* Smack.app */ = {isa = PBXFileReference; explicitFileType = wrapper.application; includeInIndex = 0; path = Smack.app; sourceTree = BUILT_PRODUCTS_DIR; };
		13C69F1E1F9961AE00991A03 /* AppDelegate.swift */ = {isa = PBXFileReference; lastKnownFileType = sourcecode.swift; path = AppDelegate.swift; sourceTree = "<group>"; };
		13C69F231F9961AE00991A03 /* Base */ = {isa = PBXFileReference; lastKnownFileType = file.storyboard; name = Base; path = Base.lproj/Main.storyboard; sourceTree = "<group>"; };
		13C69F251F9961AE00991A03 /* Assets.xcassets */ = {isa = PBXFileReference; lastKnownFileType = folder.assetcatalog; path = Assets.xcassets; sourceTree = "<group>"; };
		13C69F281F9961AE00991A03 /* Base */ = {isa = PBXFileReference; lastKnownFileType = file.storyboard; name = Base; path = Base.lproj/LaunchScreen.storyboard; sourceTree = "<group>"; };
		13C69F2A1F9961AE00991A03 /* Info.plist */ = {isa = PBXFileReference; lastKnownFileType = text.plist.xml; path = Info.plist; sourceTree = "<group>"; };
		13C69F311F9AA27E00991A03 /* Smack-Bridging-Header.h */ = {isa = PBXFileReference; lastKnownFileType = sourcecode.c.h; path = "Smack-Bridging-Header.h"; sourceTree = "<group>"; };
		13C69F321F9AA27F00991A03 /* SWRevealViewController.h */ = {isa = PBXFileReference; lastKnownFileType = sourcecode.c.h; path = SWRevealViewController.h; sourceTree = "<group>"; };
		13C69F331F9AA27F00991A03 /* SWRevealViewController.m */ = {isa = PBXFileReference; lastKnownFileType = sourcecode.c.objc; path = SWRevealViewController.m; sourceTree = "<group>"; };
		13C69F371F9AA5EA00991A03 /* ChatVC.swift */ = {isa = PBXFileReference; lastKnownFileType = sourcecode.swift; path = ChatVC.swift; sourceTree = "<group>"; };
		13C69F391F9AA5FD00991A03 /* ChannelVC.swift */ = {isa = PBXFileReference; lastKnownFileType = sourcecode.swift; path = ChannelVC.swift; sourceTree = "<group>"; };
		13C69F3C1F9AAC5B00991A03 /* GradientView.swift */ = {isa = PBXFileReference; lastKnownFileType = sourcecode.swift; path = GradientView.swift; sourceTree = "<group>"; };
		BC9CD600EFCC1C104A81CD5C /* Pods-Smack.debug.xcconfig */ = {isa = PBXFileReference; includeInIndex = 1; lastKnownFileType = text.xcconfig; name = "Pods-Smack.debug.xcconfig"; path = "Pods/Target Support Files/Pods-Smack/Pods-Smack.debug.xcconfig"; sourceTree = "<group>"; };
		E602CCE68632CD9DA54EEDEB /* Pods-Smack.release.xcconfig */ = {isa = PBXFileReference; includeInIndex = 1; lastKnownFileType = text.xcconfig; name = "Pods-Smack.release.xcconfig"; path = "Pods/Target Support Files/Pods-Smack/Pods-Smack.release.xcconfig"; sourceTree = "<group>"; };
		F8569FA2C16D58A0EAAE925C /* Pods_Smack.framework */ = {isa = PBXFileReference; explicitFileType = wrapper.framework; includeInIndex = 0; path = Pods_Smack.framework; sourceTree = BUILT_PRODUCTS_DIR; };
/* End PBXFileReference section */

/* Begin PBXFrameworksBuildPhase section */
		13C69F181F9961AE00991A03 /* Frameworks */ = {
			isa = PBXFrameworksBuildPhase;
			buildActionMask = 2147483647;
			files = (
				828A43681E47EFD577BC2317 /* Pods_Smack.framework in Frameworks */,
			);
			runOnlyForDeploymentPostprocessing = 0;
		};
/* End PBXFrameworksBuildPhase section */

/* Begin PBXGroup section */
		13C69F121F9961AE00991A03 = {
			isa = PBXGroup;
			children = (
				13C69F1D1F9961AE00991A03 /* Smack */,
				13C69F1C1F9961AE00991A03 /* Products */,
				A92D0ACA787E58394C0EE2CF /* Pods */,
				80A40332FD32B795C76721FC /* Frameworks */,
			);
			sourceTree = "<group>";
		};
		13C69F1C1F9961AE00991A03 /* Products */ = {
			isa = PBXGroup;
			children = (
				13C69F1B1F9961AE00991A03 /* Smack.app */,
			);
			name = Products;
			sourceTree = "<group>";
		};
		13C69F1D1F9961AE00991A03 /* Smack */ = {
			isa = PBXGroup;
			children = (
				13C69F361F9AA5C000991A03 /* Model */,
				13C69F351F9AA5BA00991A03 /* View */,
				13C69F341F9AA5B200991A03 /* Controller */,
				13C69F301F9AA22E00991A03 /* Supporting Files */,
				13C69F1E1F9961AE00991A03 /* AppDelegate.swift */,
				13C69F221F9961AE00991A03 /* Main.storyboard */,
				13C69F251F9961AE00991A03 /* Assets.xcassets */,
				13C69F271F9961AE00991A03 /* LaunchScreen.storyboard */,
				13C69F2A1F9961AE00991A03 /* Info.plist */,
			);
			path = Smack;
			sourceTree = "<group>";
		};
		13C69F301F9AA22E00991A03 /* Supporting Files */ = {
			isa = PBXGroup;
			children = (
				13C69F321F9AA27F00991A03 /* SWRevealViewController.h */,
				13C69F331F9AA27F00991A03 /* SWRevealViewController.m */,
				13C69F311F9AA27E00991A03 /* Smack-Bridging-Header.h */,
			);
			path = "Supporting Files";
			sourceTree = "<group>";
		};
		13C69F341F9AA5B200991A03 /* Controller */ = {
			isa = PBXGroup;
			children = (
				13C69F371F9AA5EA00991A03 /* ChatVC.swift */,
				13C69F391F9AA5FD00991A03 /* ChannelVC.swift */,
			);
			path = Controller;
			sourceTree = "<group>";
		};
		13C69F351F9AA5BA00991A03 /* View */ = {
			isa = PBXGroup;
			children = (
				13C69F3C1F9AAC5B00991A03 /* GradientView.swift */,
			);
			path = View;
			sourceTree = "<group>";
		};
		13C69F361F9AA5C000991A03 /* Model */ = {
			isa = PBXGroup;
			children = (
			);
			path = Model;
			sourceTree = "<group>";
		};
		80A40332FD32B795C76721FC /* Frameworks */ = {
			isa = PBXGroup;
			children = (
				F8569FA2C16D58A0EAAE925C /* Pods_Smack.framework */,
			);
			name = Frameworks;
			sourceTree = "<group>";
		};
		A92D0ACA787E58394C0EE2CF /* Pods */ = {
			isa = PBXGroup;
			children = (
				BC9CD600EFCC1C104A81CD5C /* Pods-Smack.debug.xcconfig */,
				E602CCE68632CD9DA54EEDEB /* Pods-Smack.release.xcconfig */,
			);
			name = Pods;
			sourceTree = "<group>";
		};
/* End PBXGroup section */

/* Begin PBXNativeTarget section */
		13C69F1A1F9961AE00991A03 /* Smack */ = {
			isa = PBXNativeTarget;
			buildConfigurationList = 13C69F2D1F9961AE00991A03 /* Build configuration list for PBXNativeTarget "Smack" */;
			buildPhases = (
				21B46ED9A37D636931A57EB9 /* [CP] Check Pods Manifest.lock */,
				13C69F171F9961AE00991A03 /* Sources */,
				13C69F181F9961AE00991A03 /* Frameworks */,
				13C69F191F9961AE00991A03 /* Resources */,
				F50EA28FBE698D33885ADACB /* [CP] Embed Pods Frameworks */,
				74F53741F1D5EEF9498DCA12 /* [CP] Copy Pods Resources */,
			);
			buildRules = (
			);
			dependencies = (
			);
			name = Smack;
			productName = Smack;
			productReference = 13C69F1B1F9961AE00991A03 /* Smack.app */;
			productType = "com.apple.product-type.application";
		};
/* End PBXNativeTarget section */

/* Begin PBXProject section */
		13C69F131F9961AE00991A03 /* Project object */ = {
			isa = PBXProject;
			attributes = {
				LastSwiftUpdateCheck = 0900;
				LastUpgradeCheck = 0900;
				ORGANIZATIONNAME = "Brent Morgan";
				TargetAttributes = {
					13C69F1A1F9961AE00991A03 = {
						CreatedOnToolsVersion = 9.0;
						LastSwiftMigration = 0900;
						ProvisioningStyle = Automatic;
					};
				};
			};
			buildConfigurationList = 13C69F161F9961AE00991A03 /* Build configuration list for PBXProject "Smack" */;
			compatibilityVersion = "Xcode 8.0";
			developmentRegion = en;
			hasScannedForEncodings = 0;
			knownRegions = (
				en,
				Base,
			);
			mainGroup = 13C69F121F9961AE00991A03;
			productRefGroup = 13C69F1C1F9961AE00991A03 /* Products */;
			projectDirPath = "";
			projectRoot = "";
			targets = (
				13C69F1A1F9961AE00991A03 /* Smack */,
			);
		};
/* End PBXProject section */

/* Begin PBXResourcesBuildPhase section */
		13C69F191F9961AE00991A03 /* Resources */ = {
			isa = PBXResourcesBuildPhase;
			buildActionMask = 2147483647;
			files = (
				13C69F291F9961AE00991A03 /* LaunchScreen.storyboard in Resources */,
				13C69F261F9961AE00991A03 /* Assets.xcassets in Resources */,
				13C69F241F9961AE00991A03 /* Main.storyboard in Resources */,
			);
			runOnlyForDeploymentPostprocessing = 0;
		};
/* End PBXResourcesBuildPhase section */

/* Begin PBXShellScriptBuildPhase section */
		21B46ED9A37D636931A57EB9 /* [CP] Check Pods Manifest.lock */ = {
			isa = PBXShellScriptBuildPhase;
			buildActionMask = 2147483647;
			files = (
			);
			inputPaths = (
			);
			name = "[CP] Check Pods Manifest.lock";
			outputPaths = (
			);
			runOnlyForDeploymentPostprocessing = 0;
			shellPath = /bin/sh;
			shellScript = "diff \"${PODS_ROOT}/../Podfile.lock\" \"${PODS_ROOT}/Manifest.lock\" > /dev/null\nif [ $? != 0 ] ; then\n    # print error to STDERR\n    echo \"error: The sandbox is not in sync with the Podfile.lock. Run 'pod install' or update your CocoaPods installation.\" >&2\n    exit 1\nfi\n";
			showEnvVarsInLog = 0;
		};
		74F53741F1D5EEF9498DCA12 /* [CP] Copy Pods Resources */ = {
			isa = PBXShellScriptBuildPhase;
			buildActionMask = 2147483647;
			files = (
			);
			inputPaths = (
			);
			name = "[CP] Copy Pods Resources";
			outputPaths = (
			);
			runOnlyForDeploymentPostprocessing = 0;
			shellPath = /bin/sh;
			shellScript = "\"${SRCROOT}/Pods/Target Support Files/Pods-Smack/Pods-Smack-resources.sh\"\n";
			showEnvVarsInLog = 0;
		};
		F50EA28FBE698D33885ADACB /* [CP] Embed Pods Frameworks */ = {
			isa = PBXShellScriptBuildPhase;
			buildActionMask = 2147483647;
			files = (
			);
			inputPaths = (
			);
			name = "[CP] Embed Pods Frameworks";
			outputPaths = (
			);
			runOnlyForDeploymentPostprocessing = 0;
			shellPath = /bin/sh;
			shellScript = "\"${SRCROOT}/Pods/Target Support Files/Pods-Smack/Pods-Smack-frameworks.sh\"\n";
			showEnvVarsInLog = 0;
		};
/* End PBXShellScriptBuildPhase section */

/* Begin PBXSourcesBuildPhase section */
		13C69F171F9961AE00991A03 /* Sources */ = {
			isa = PBXSourcesBuildPhase;
			buildActionMask = 2147483647;
			files = (
				13C69F381F9AA5EA00991A03 /* ChatVC.swift in Sources */,
				13C69F3A1F9AA5FD00991A03 /* ChannelVC.swift in Sources */,
				13C69F3D1F9AAC5B00991A03 /* GradientView.swift in Sources */,
				13C69F1F1F9961AE00991A03 /* AppDelegate.swift in Sources */,
				13C69F3B1F9AA9BD00991A03 /* SWRevealViewController.m in Sources */,
			);
			runOnlyForDeploymentPostprocessing = 0;
		};
/* End PBXSourcesBuildPhase section */

/* Begin PBXVariantGroup section */
		13C69F221F9961AE00991A03 /* Main.storyboard */ = {
			isa = PBXVariantGroup;
			children = (
				13C69F231F9961AE00991A03 /* Base */,
			);
			name = Main.storyboard;
			sourceTree = "<group>";
		};
		13C69F271F9961AE00991A03 /* LaunchScreen.storyboard */ = {
			isa = PBXVariantGroup;
			children = (
				13C69F281F9961AE00991A03 /* Base */,
			);
			name = LaunchScreen.storyboard;
			sourceTree = "<group>";
		};
/* End PBXVariantGroup section */

/* Begin XCBuildConfiguration section */
		13C69F2B1F9961AE00991A03 /* Debug */ = {
			isa = XCBuildConfiguration;
			buildSettings = {
				ALWAYS_SEARCH_USER_PATHS = NO;
				CLANG_ANALYZER_NONNULL = YES;
				CLANG_ANALYZER_NUMBER_OBJECT_CONVERSION = YES_AGGRESSIVE;
				CLANG_CXX_LANGUAGE_STANDARD = "gnu++14";
				CLANG_CXX_LIBRARY = "libc++";
				CLANG_ENABLE_MODULES = YES;
				CLANG_ENABLE_OBJC_ARC = YES;
				CLANG_WARN_BLOCK_CAPTURE_AUTORELEASING = YES;
				CLANG_WARN_BOOL_CONVERSION = YES;
				CLANG_WARN_COMMA = YES;
				CLANG_WARN_CONSTANT_CONVERSION = YES;
				CLANG_WARN_DIRECT_OBJC_ISA_USAGE = YES_ERROR;
				CLANG_WARN_DOCUMENTATION_COMMENTS = YES;
				CLANG_WARN_EMPTY_BODY = YES;
				CLANG_WARN_ENUM_CONVERSION = YES;
				CLANG_WARN_INFINITE_RECURSION = YES;
				CLANG_WARN_INT_CONVERSION = YES;
				CLANG_WARN_NON_LITERAL_NULL_CONVERSION = YES;
				CLANG_WARN_OBJC_LITERAL_CONVERSION = YES;
				CLANG_WARN_OBJC_ROOT_CLASS = YES_ERROR;
				CLANG_WARN_RANGE_LOOP_ANALYSIS = YES;
				CLANG_WARN_STRICT_PROTOTYPES = YES;
				CLANG_WARN_SUSPICIOUS_MOVE = YES;
				CLANG_WARN_UNGUARDED_AVAILABILITY = YES_AGGRESSIVE;
				CLANG_WARN_UNREACHABLE_CODE = YES;
				CLANG_WARN__DUPLICATE_METHOD_MATCH = YES;
				CODE_SIGN_IDENTITY = "iPhone Developer";
				COPY_PHASE_STRIP = NO;
				DEBUG_INFORMATION_FORMAT = dwarf;
				ENABLE_STRICT_OBJC_MSGSEND = YES;
				ENABLE_TESTABILITY = YES;
				GCC_C_LANGUAGE_STANDARD = gnu11;
				GCC_DYNAMIC_NO_PIC = NO;
				GCC_NO_COMMON_BLOCKS = YES;
				GCC_OPTIMIZATION_LEVEL = 0;
				GCC_PREPROCESSOR_DEFINITIONS = (
					"DEBUG=1",
					"$(inherited)",
				);
				GCC_WARN_64_TO_32_BIT_CONVERSION = YES;
				GCC_WARN_ABOUT_RETURN_TYPE = YES_ERROR;
				GCC_WARN_UNDECLARED_SELECTOR = YES;
				GCC_WARN_UNINITIALIZED_AUTOS = YES_AGGRESSIVE;
				GCC_WARN_UNUSED_FUNCTION = YES;
				GCC_WARN_UNUSED_VARIABLE = YES;
				IPHONEOS_DEPLOYMENT_TARGET = 11.0;
				MTL_ENABLE_DEBUG_INFO = YES;
				ONLY_ACTIVE_ARCH = YES;
				SDKROOT = iphoneos;
				SWIFT_ACTIVE_COMPILATION_CONDITIONS = DEBUG;
				SWIFT_OPTIMIZATION_LEVEL = "-Onone";
			};
			name = Debug;
		};
		13C69F2C1F9961AE00991A03 /* Release */ = {
			isa = XCBuildConfiguration;
			buildSettings = {
				ALWAYS_SEARCH_USER_PATHS = NO;
				CLANG_ANALYZER_NONNULL = YES;
				CLANG_ANALYZER_NUMBER_OBJECT_CONVERSION = YES_AGGRESSIVE;
				CLANG_CXX_LANGUAGE_STANDARD = "gnu++14";
				CLANG_CXX_LIBRARY = "libc++";
				CLANG_ENABLE_MODULES = YES;
				CLANG_ENABLE_OBJC_ARC = YES;
				CLANG_WARN_BLOCK_CAPTURE_AUTORELEASING = YES;
				CLANG_WARN_BOOL_CONVERSION = YES;
				CLANG_WARN_COMMA = YES;
				CLANG_WARN_CONSTANT_CONVERSION = YES;
				CLANG_WARN_DIRECT_OBJC_ISA_USAGE = YES_ERROR;
				CLANG_WARN_DOCUMENTATION_COMMENTS = YES;
				CLANG_WARN_EMPTY_BODY = YES;
				CLANG_WARN_ENUM_CONVERSION = YES;
				CLANG_WARN_INFINITE_RECURSION = YES;
				CLANG_WARN_INT_CONVERSION = YES;
				CLANG_WARN_NON_LITERAL_NULL_CONVERSION = YES;
				CLANG_WARN_OBJC_LITERAL_CONVERSION = YES;
				CLANG_WARN_OBJC_ROOT_CLASS = YES_ERROR;
				CLANG_WARN_RANGE_LOOP_ANALYSIS = YES;
				CLANG_WARN_STRICT_PROTOTYPES = YES;
				CLANG_WARN_SUSPICIOUS_MOVE = YES;
				CLANG_WARN_UNGUARDED_AVAILABILITY = YES_AGGRESSIVE;
				CLANG_WARN_UNREACHABLE_CODE = YES;
				CLANG_WARN__DUPLICATE_METHOD_MATCH = YES;
				CODE_SIGN_IDENTITY = "iPhone Developer";
				COPY_PHASE_STRIP = NO;
				DEBUG_INFORMATION_FORMAT = "dwarf-with-dsym";
				ENABLE_NS_ASSERTIONS = NO;
				ENABLE_STRICT_OBJC_MSGSEND = YES;
				GCC_C_LANGUAGE_STANDARD = gnu11;
				GCC_NO_COMMON_BLOCKS = YES;
				GCC_WARN_64_TO_32_BIT_CONVERSION = YES;
				GCC_WARN_ABOUT_RETURN_TYPE = YES_ERROR;
				GCC_WARN_UNDECLARED_SELECTOR = YES;
				GCC_WARN_UNINITIALIZED_AUTOS = YES_AGGRESSIVE;
				GCC_WARN_UNUSED_FUNCTION = YES;
				GCC_WARN_UNUSED_VARIABLE = YES;
				IPHONEOS_DEPLOYMENT_TARGET = 11.0;
				MTL_ENABLE_DEBUG_INFO = NO;
				SDKROOT = iphoneos;
				SWIFT_OPTIMIZATION_LEVEL = "-Owholemodule";
				VALIDATE_PRODUCT = YES;
			};
			name = Release;
		};
		13C69F2E1F9961AE00991A03 /* Debug */ = {
			isa = XCBuildConfiguration;
			baseConfigurationReference = BC9CD600EFCC1C104A81CD5C /* Pods-Smack.debug.xcconfig */;
			buildSettings = {
				ASSETCATALOG_COMPILER_APPICON_NAME = AppIcon;
				CLANG_ENABLE_MODULES = YES;
				CODE_SIGN_STYLE = Automatic;
				DEVELOPMENT_TEAM = T4468HXKH5;
				INFOPLIST_FILE = Smack/Info.plist;
				LD_RUNPATH_SEARCH_PATHS = "$(inherited) @executable_path/Frameworks";
				PRODUCT_BUNDLE_IDENTIFIER = com.brentnerb.Smack;
				PRODUCT_NAME = "$(TARGET_NAME)";
				SWIFT_OBJC_BRIDGING_HEADER = "Smack/Supporting Files/Smack-Bridging-Header.h";
				SWIFT_OPTIMIZATION_LEVEL = "-Onone";
				SWIFT_VERSION = 4.0;
				TARGETED_DEVICE_FAMILY = "1,2";
			};
			name = Debug;
		};
		13C69F2F1F9961AE00991A03 /* Release */ = {
			isa = XCBuildConfiguration;
			baseConfigurationReference = E602CCE68632CD9DA54EEDEB /* Pods-Smack.release.xcconfig */;
			buildSettings = {
				ASSETCATALOG_COMPILER_APPICON_NAME = AppIcon;
				CLANG_ENABLE_MODULES = YES;
				CODE_SIGN_STYLE = Automatic;
				DEVELOPMENT_TEAM = T4468HXKH5;
				INFOPLIST_FILE = Smack/Info.plist;
				LD_RUNPATH_SEARCH_PATHS = "$(inherited) @executable_path/Frameworks";
				PRODUCT_BUNDLE_IDENTIFIER = com.brentnerb.Smack;
				PRODUCT_NAME = "$(TARGET_NAME)";
				SWIFT_OBJC_BRIDGING_HEADER = "Smack/Supporting Files/Smack-Bridging-Header.h";
				SWIFT_VERSION = 4.0;
				TARGETED_DEVICE_FAMILY = "1,2";
			};
			name = Release;
		};
/* End XCBuildConfiguration section */

/* Begin XCConfigurationList section */
		13C69F161F9961AE00991A03 /* Build configuration list for PBXProject "Smack" */ = {
			isa = XCConfigurationList;
			buildConfigurations = (
				13C69F2B1F9961AE00991A03 /* Debug */,
				13C69F2C1F9961AE00991A03 /* Release */,
			);
			defaultConfigurationIsVisible = 0;
			defaultConfigurationName = Release;
		};
		13C69F2D1F9961AE00991A03 /* Build configuration list for PBXNativeTarget "Smack" */ = {
			isa = XCConfigurationList;
			buildConfigurations = (
				13C69F2E1F9961AE00991A03 /* Debug */,
				13C69F2F1F9961AE00991A03 /* Release */,
			);
			defaultConfigurationIsVisible = 0;
			defaultConfigurationName = Release;
		};
/* End XCConfigurationList section */
	};
	rootObject = 13C69F131F9961AE00991A03 /* Project object */;
}
